
Microsoft Visual Studio Solution File, Format Version 12.00
# Visual Studio Version 16
VisualStudioVersion = 16.0.30517.126
MinimumVisualStudioVersion = 10.0.40219.1
Project("{FAE04EC0-301F-11D3-BF4B-00C04F79EFBC}") = "LukOilMVP", "LukOilMVP\LukOilMVP.csproj", "{AA221624-9959-499D-A54D-71C786814A92}"
EndProject
Global
	GlobalSection(SolutionConfigurationPlatforms) = preSolution
		Debug|Any CPU = Debug|Any CPU
		Release|Any CPU = Release|Any CPU
	EndGlobalSection
	GlobalSection(ProjectConfigurationPlatforms) = postSolution
		{AA221624-9959-499D-A54D-71C786814A92}.Debug|Any CPU.ActiveCfg = Debug|Any CPU
		{AA221624-9959-499D-A54D-71C786814A92}.Debug|Any CPU.Build.0 = Debug|Any CPU
		{AA221624-9959-499D-A54D-71C786814A92}.Release|Any CPU.ActiveCfg = Release|Any CPU
		{AA221624-9959-499D-A54D-71C786814A92}.Release|Any CPU.Build.0 = Release|Any CPU
	EndGlobalSection
	GlobalSection(SolutionProperties) = preSolution
		HideSolutionNode = FALSE
	EndGlobalSection
	GlobalSection(ExtensibilityGlobals) = postSolution
		SolutionGuid = {E9F206A7-1AC1-438A-90BC-2D3C308CDDBA}
	EndGlobalSection
EndGlobal
